
Microsoft Visual Studio Solution File, Format Version 12.00
# Visual Studio 15
VisualStudioVersion = 15.0.28307.489
MinimumVisualStudioVersion = 10.0.40219.1
Project("{8BC9CEB8-8B4A-11D0-8D11-00A0C91BC942}") = "project_1", "project_1\project_1.vcxproj", "{D931DFCC-1FD7-433D-9678-8EA06416BEA1}"
EndProject
Global
	GlobalSection(SolutionConfigurationPlatforms) = preSolution
		Debug|x64 = Debug|x64
		Debug|x86 = Debug|x86
		Release|x64 = Release|x64
		Release|x86 = Release|x86
		Tests|x64 = Tests|x64
		Tests|x86 = Tests|x86
	EndGlobalSection
	GlobalSection(ProjectConfigurationPlatforms) = postSolution
		{D931DFCC-1FD7-433D-9678-8EA06416BEA1}.Debug|x64.ActiveCfg = Debug|x64
		{D931DFCC-1FD7-433D-9678-8EA06416BEA1}.Debug|x64.Build.0 = Debug|x64
		{D931DFCC-1FD7-433D-9678-8EA06416BEA1}.Debug|x86.ActiveCfg = Debug|Win32
		{D931DFCC-1FD7-433D-9678-8EA06416BEA1}.Debug|x86.Build.0 = Debug|Win32
		{D931DFCC-1FD7-433D-9678-8EA06416BEA1}.Release|x64.ActiveCfg = Release|x64
		{D931DFCC-1FD7-433D-9678-8EA06416BEA1}.Release|x64.Build.0 = Release|x64
		{D931DFCC-1FD7-433D-9678-8EA06416BEA1}.Release|x86.ActiveCfg = Release|Win32
		{D931DFCC-1FD7-433D-9678-8EA06416BEA1}.Release|x86.Build.0 = Release|Win32
		{D931DFCC-1FD7-433D-9678-8EA06416BEA1}.Tests|x64.ActiveCfg = Tests|x64
		{D931DFCC-1FD7-433D-9678-8EA06416BEA1}.Tests|x64.Build.0 = Tests|x64
		{D931DFCC-1FD7-433D-9678-8EA06416BEA1}.Tests|x86.ActiveCfg = Tests|Win32
		{D931DFCC-1FD7-433D-9678-8EA06416BEA1}.Tests|x86.Build.0 = Tests|Win32
	EndGlobalSection
	GlobalSection(SolutionProperties) = preSolution
		HideSolutionNode = FALSE
	EndGlobalSection
	GlobalSection(ExtensibilityGlobals) = postSolution
		SolutionGuid = {CAB45B45-AEC7-4BDE-A877-33E4B947B692}
	EndGlobalSection
EndGlobal
